
Microsoft Visual Studio Solution File, Format Version 12.00
# Visual Studio Version 17
VisualStudioVersion = 17.3.32929.385
MinimumVisualStudioVersion = 10.0.40219.1
Project("{FAE04EC0-301F-11D3-BF4B-00C04F79EFBC}") = "PetShop", "PetShop\PetShop.csproj", "{37672744-FF34-48E5-B1F2-73FC21D1123B}"
EndProject
Global
	GlobalSection(SolutionConfigurationPlatforms) = preSolution
		Debug|Any CPU = Debug|Any CPU
		Release|Any CPU = Release|Any CPU
	EndGlobalSection
	GlobalSection(ProjectConfigurationPlatforms) = postSolution
		{37672744-FF34-48E5-B1F2-73FC21D1123B}.Debug|Any CPU.ActiveCfg = Debug|Any CPU
		{37672744-FF34-48E5-B1F2-73FC21D1123B}.Debug|Any CPU.Build.0 = Debug|Any CPU
		{37672744-FF34-48E5-B1F2-73FC21D1123B}.Release|Any CPU.ActiveCfg = Release|Any CPU
		{37672744-FF34-48E5-B1F2-73FC21D1123B}.Release|Any CPU.Build.0 = Release|Any CPU
	EndGlobalSection
	GlobalSection(SolutionProperties) = preSolution
		HideSolutionNode = FALSE
	EndGlobalSection
	GlobalSection(ExtensibilityGlobals) = postSolution
		SolutionGuid = {1144348A-E584-40E2-A73F-1EA116804551}
	EndGlobalSection
EndGlobal
